
Microsoft Visual Studio Solution File, Format Version 12.00
# Visual Studio Version 17
VisualStudioVersion = 17.11.35222.181
MinimumVisualStudioVersion = 10.0.40219.1
Project("{FAE04EC0-301F-11D3-BF4B-00C04F79EFBC}") = "TestSystemUsingML", "TestSystemUsingML\TestSystemUsingML.csproj", "{6C8B46E5-77AE-49C4-84FA-9C48E957E296}"
EndProject
Global
	GlobalSection(SolutionConfigurationPlatforms) = preSolution
		Debug|Any CPU = Debug|Any CPU
		Release|Any CPU = Release|Any CPU
	EndGlobalSection
	GlobalSection(ProjectConfigurationPlatforms) = postSolution
		{6C8B46E5-77AE-49C4-84FA-9C48E957E296}.Debug|Any CPU.ActiveCfg = Debug|Any CPU
		{6C8B46E5-77AE-49C4-84FA-9C48E957E296}.Debug|Any CPU.Build.0 = Debug|Any CPU
		{6C8B46E5-77AE-49C4-84FA-9C48E957E296}.Release|Any CPU.ActiveCfg = Release|Any CPU
		{6C8B46E5-77AE-49C4-84FA-9C48E957E296}.Release|Any CPU.Build.0 = Release|Any CPU
	EndGlobalSection
	GlobalSection(SolutionProperties) = preSolution
		HideSolutionNode = FALSE
	EndGlobalSection
	GlobalSection(ExtensibilityGlobals) = postSolution
		SolutionGuid = {4630F4A2-1F4F-4CFD-B78A-F9770563E16D}
	EndGlobalSection
EndGlobal
